
Microsoft Visual Studio Solution File, Format Version 12.00
# Visual Studio Version 16
VisualStudioVersion = 16.0.35826.135
MinimumVisualStudioVersion = 10.0.40219.1
Project("{FAE04EC0-301F-11D3-BF4B-00C04F79EFBC}") = "presentacion-catalogo", "presentacion-catalogo\presentacion-catalogo.csproj", "{F2B2AE84-E9E5-48A5-BA50-87491F796C79}"
EndProject
Project("{FAE04EC0-301F-11D3-BF4B-00C04F79EFBC}") = "negocio", "..\negocio\negocio.csproj", "{3C550464-70B9-4E3E-9592-62CBFDF951FD}"
EndProject
Project("{FAE04EC0-301F-11D3-BF4B-00C04F79EFBC}") = "dominio", "..\dominio\dominio.csproj", "{EF20C5A0-FD3D-4C25-B6E5-D320A5CDC408}"
EndProject
Global
	GlobalSection(SolutionConfigurationPlatforms) = preSolution
		Debug|Any CPU = Debug|Any CPU
		Release|Any CPU = Release|Any CPU
	EndGlobalSection
	GlobalSection(ProjectConfigurationPlatforms) = postSolution
		{F2B2AE84-E9E5-48A5-BA50-87491F796C79}.Debug|Any CPU.ActiveCfg = Debug|Any CPU
		{F2B2AE84-E9E5-48A5-BA50-87491F796C79}.Debug|Any CPU.Build.0 = Debug|Any CPU
		{F2B2AE84-E9E5-48A5-BA50-87491F796C79}.Release|Any CPU.ActiveCfg = Release|Any CPU
		{F2B2AE84-E9E5-48A5-BA50-87491F796C79}.Release|Any CPU.Build.0 = Release|Any CPU
		{3C550464-70B9-4E3E-9592-62CBFDF951FD}.Debug|Any CPU.ActiveCfg = Debug|Any CPU
		{3C550464-70B9-4E3E-9592-62CBFDF951FD}.Debug|Any CPU.Build.0 = Debug|Any CPU
		{3C550464-70B9-4E3E-9592-62CBFDF951FD}.Release|Any CPU.ActiveCfg = Release|Any CPU
		{3C550464-70B9-4E3E-9592-62CBFDF951FD}.Release|Any CPU.Build.0 = Release|Any CPU
		{EF20C5A0-FD3D-4C25-B6E5-D320A5CDC408}.Debug|Any CPU.ActiveCfg = Debug|Any CPU
		{EF20C5A0-FD3D-4C25-B6E5-D320A5CDC408}.Debug|Any CPU.Build.0 = Debug|Any CPU
		{EF20C5A0-FD3D-4C25-B6E5-D320A5CDC408}.Release|Any CPU.ActiveCfg = Release|Any CPU
		{EF20C5A0-FD3D-4C25-B6E5-D320A5CDC408}.Release|Any CPU.Build.0 = Release|Any CPU
	EndGlobalSection
	GlobalSection(SolutionProperties) = preSolution
		HideSolutionNode = FALSE
	EndGlobalSection
	GlobalSection(ExtensibilityGlobals) = postSolution
		SolutionGuid = {CF683856-8436-4A46-B1A9-69141E15B635}
	EndGlobalSection
EndGlobal
